
Microsoft Visual Studio Solution File, Format Version 12.00
# Visual Studio Version 16
VisualStudioVersion = 16.0.30320.27
MinimumVisualStudioVersion = 10.0.40219.1
Project("{9A19103F-16F7-4668-BE54-9A1E7A4F7556}") = "IdentityService.Common", "IdentityService.Common\IdentityService.Common.csproj", "{B1026300-6E73-4DE6-A637-FA9CBBACA34B}"
EndProject
Project("{9A19103F-16F7-4668-BE54-9A1E7A4F7556}") = "IdentityService.Api", "IdentityService.Api\IdentityService.Api.csproj", "{470BA2E7-8DBC-4C12-84E0-7D44DE872CEF}"
EndProject
Project("{FAE04EC0-301F-11D3-BF4B-00C04F79EFBC}") = "IdentityService.Api.Tests", "IdentityService.Api.Tests\IdentityService.Api.Tests.csproj", "{03470992-C4A4-414C-A5D2-A519CF9E0974}"
EndProject
Global
	GlobalSection(SolutionConfigurationPlatforms) = preSolution
		Debug|Any CPU = Debug|Any CPU
		Release|Any CPU = Release|Any CPU
	EndGlobalSection
	GlobalSection(ProjectConfigurationPlatforms) = postSolution
		{B1026300-6E73-4DE6-A637-FA9CBBACA34B}.Debug|Any CPU.ActiveCfg = Debug|Any CPU
		{B1026300-6E73-4DE6-A637-FA9CBBACA34B}.Debug|Any CPU.Build.0 = Debug|Any CPU
		{B1026300-6E73-4DE6-A637-FA9CBBACA34B}.Release|Any CPU.ActiveCfg = Release|Any CPU
		{B1026300-6E73-4DE6-A637-FA9CBBACA34B}.Release|Any CPU.Build.0 = Release|Any CPU
		{470BA2E7-8DBC-4C12-84E0-7D44DE872CEF}.Debug|Any CPU.ActiveCfg = Debug|Any CPU
		{470BA2E7-8DBC-4C12-84E0-7D44DE872CEF}.Debug|Any CPU.Build.0 = Debug|Any CPU
		{470BA2E7-8DBC-4C12-84E0-7D44DE872CEF}.Release|Any CPU.ActiveCfg = Release|Any CPU
		{470BA2E7-8DBC-4C12-84E0-7D44DE872CEF}.Release|Any CPU.Build.0 = Release|Any CPU
		{03470992-C4A4-414C-A5D2-A519CF9E0974}.Debug|Any CPU.ActiveCfg = Debug|Any CPU
		{03470992-C4A4-414C-A5D2-A519CF9E0974}.Debug|Any CPU.Build.0 = Debug|Any CPU
		{03470992-C4A4-414C-A5D2-A519CF9E0974}.Release|Any CPU.ActiveCfg = Release|Any CPU
		{03470992-C4A4-414C-A5D2-A519CF9E0974}.Release|Any CPU.Build.0 = Release|Any CPU
	EndGlobalSection
	GlobalSection(SolutionProperties) = preSolution
		HideSolutionNode = FALSE
	EndGlobalSection
	GlobalSection(ExtensibilityGlobals) = postSolution
		SolutionGuid = {AF13E2CF-E913-4611-92F4-33FADE7B8883}
	EndGlobalSection
EndGlobal
